
Microsoft Visual Studio Solution File, Format Version 12.00
Project("{FAE04EC0-301F-11D3-BF4B-00C04F79EFBC}") = "AdventOfCode2020.Day4", "AdventOfCode2020.Day4\AdventOfCode2020.Day4.csproj", "{3BA634A5-689B-4924-8021-9DDFF0576042}"
EndProject
Project("{FAE04EC0-301F-11D3-BF4B-00C04F79EFBC}") = "AdventOfCode2020.Day4.Tests", "AdventOfCode2020.Day4.Tests\AdventOfCode2020.Day4.Tests.csproj", "{40B87FBD-5964-4647-8A49-E5A069878148}"
EndProject
Project("{2150E333-8FDC-42A3-9474-1A3956D46DE8}") = "Solution Items", "Solution Items", "{57F6024B-1588-4B94-8549-A310510D5FC2}"
ProjectSection(SolutionItems) = preProject
	..\ReadMe.md = ..\ReadMe.md
EndProjectSection
EndProject
Global
	GlobalSection(SolutionConfigurationPlatforms) = preSolution
		Debug|Any CPU = Debug|Any CPU
		Release|Any CPU = Release|Any CPU
	EndGlobalSection
	GlobalSection(ProjectConfigurationPlatforms) = postSolution
		{3BA634A5-689B-4924-8021-9DDFF0576042}.Debug|Any CPU.ActiveCfg = Debug|Any CPU
		{3BA634A5-689B-4924-8021-9DDFF0576042}.Debug|Any CPU.Build.0 = Debug|Any CPU
		{3BA634A5-689B-4924-8021-9DDFF0576042}.Release|Any CPU.ActiveCfg = Release|Any CPU
		{3BA634A5-689B-4924-8021-9DDFF0576042}.Release|Any CPU.Build.0 = Release|Any CPU
		{40B87FBD-5964-4647-8A49-E5A069878148}.Debug|Any CPU.ActiveCfg = Debug|Any CPU
		{40B87FBD-5964-4647-8A49-E5A069878148}.Debug|Any CPU.Build.0 = Debug|Any CPU
		{40B87FBD-5964-4647-8A49-E5A069878148}.Release|Any CPU.ActiveCfg = Release|Any CPU
		{40B87FBD-5964-4647-8A49-E5A069878148}.Release|Any CPU.Build.0 = Release|Any CPU
	EndGlobalSection
EndGlobal
