
Microsoft Visual Studio Solution File, Format Version 12.00
Project("{FAE04EC0-301F-11D3-BF4B-00C04F79EFBC}") = "AdventOfCode2020.Day6", "AdventOfCode2020.Day6\AdventOfCode2020.Day6.csproj", "{DA12AE0C-D322-4AC4-9E2E-FE74B73C5A13}"
EndProject
Project("{2150E333-8FDC-42A3-9474-1A3956D46DE8}") = "Solution Items", "Solution Items", "{51F11719-B7F3-4021-8A66-ACF7AB291A35}"
ProjectSection(SolutionItems) = preProject
	..\ReadMe.md = ..\ReadMe.md
EndProjectSection
EndProject
Project("{FAE04EC0-301F-11D3-BF4B-00C04F79EFBC}") = "AdventOfCode2020.Day6.Tests", "AdventOfCode2020.Day6.Tests\AdventOfCode2020.Day6.Tests.csproj", "{C3E9F2DC-D635-46AE-9160-11F57164BA89}"
EndProject
Global
	GlobalSection(SolutionConfigurationPlatforms) = preSolution
		Debug|Any CPU = Debug|Any CPU
		Release|Any CPU = Release|Any CPU
	EndGlobalSection
	GlobalSection(ProjectConfigurationPlatforms) = postSolution
		{DA12AE0C-D322-4AC4-9E2E-FE74B73C5A13}.Debug|Any CPU.ActiveCfg = Debug|Any CPU
		{DA12AE0C-D322-4AC4-9E2E-FE74B73C5A13}.Debug|Any CPU.Build.0 = Debug|Any CPU
		{DA12AE0C-D322-4AC4-9E2E-FE74B73C5A13}.Release|Any CPU.ActiveCfg = Release|Any CPU
		{DA12AE0C-D322-4AC4-9E2E-FE74B73C5A13}.Release|Any CPU.Build.0 = Release|Any CPU
		{C3E9F2DC-D635-46AE-9160-11F57164BA89}.Debug|Any CPU.ActiveCfg = Debug|Any CPU
		{C3E9F2DC-D635-46AE-9160-11F57164BA89}.Debug|Any CPU.Build.0 = Debug|Any CPU
		{C3E9F2DC-D635-46AE-9160-11F57164BA89}.Release|Any CPU.ActiveCfg = Release|Any CPU
		{C3E9F2DC-D635-46AE-9160-11F57164BA89}.Release|Any CPU.Build.0 = Release|Any CPU
	EndGlobalSection
EndGlobal
