
Microsoft Visual Studio Solution File, Format Version 12.00
Project("{FAE04EC0-301F-11D3-BF4B-00C04F79EFBC}") = "AdventOfCode2020.Day8", "AdventOfCode2020.Day8\AdventOfCode2020.Day8.csproj", "{E80B44BB-90A1-4A75-BE71-F609915DD1AD}"
EndProject
Project("{FAE04EC0-301F-11D3-BF4B-00C04F79EFBC}") = "AdventOfCode2020.Day8.Tests", "AdventOfCode2020.Day8.Tests\AdventOfCode2020.Day8.Tests.csproj", "{76AA103B-4E06-4F5E-820B-56AB8A1B58C5}"
EndProject
Project("{2150E333-8FDC-42A3-9474-1A3956D46DE8}") = "Soluton Items", "Soluton Items", "{CCFDA29D-3461-48A8-B012-5F3B6C94D2CF}"
ProjectSection(SolutionItems) = preProject
	..\ReadMe.md = ..\ReadMe.md
EndProjectSection
EndProject
Global
	GlobalSection(SolutionConfigurationPlatforms) = preSolution
		Debug|Any CPU = Debug|Any CPU
		Release|Any CPU = Release|Any CPU
	EndGlobalSection
	GlobalSection(ProjectConfigurationPlatforms) = postSolution
		{E80B44BB-90A1-4A75-BE71-F609915DD1AD}.Debug|Any CPU.ActiveCfg = Debug|Any CPU
		{E80B44BB-90A1-4A75-BE71-F609915DD1AD}.Debug|Any CPU.Build.0 = Debug|Any CPU
		{E80B44BB-90A1-4A75-BE71-F609915DD1AD}.Release|Any CPU.ActiveCfg = Release|Any CPU
		{E80B44BB-90A1-4A75-BE71-F609915DD1AD}.Release|Any CPU.Build.0 = Release|Any CPU
		{76AA103B-4E06-4F5E-820B-56AB8A1B58C5}.Debug|Any CPU.ActiveCfg = Debug|Any CPU
		{76AA103B-4E06-4F5E-820B-56AB8A1B58C5}.Debug|Any CPU.Build.0 = Debug|Any CPU
		{76AA103B-4E06-4F5E-820B-56AB8A1B58C5}.Release|Any CPU.ActiveCfg = Release|Any CPU
		{76AA103B-4E06-4F5E-820B-56AB8A1B58C5}.Release|Any CPU.Build.0 = Release|Any CPU
	EndGlobalSection
EndGlobal
